
Microsoft Visual Studio Solution File, Format Version 12.00
Project("{FAE04EC0-301F-11D3-BF4B-00C04F79EFBC}") = "DiffieHellman", "DiffieHellman\DiffieHellman.csproj", "{1ED592DB-01F2-40AC-8C77-9C7CB7094FA0}"
EndProject
Project("{FAE04EC0-301F-11D3-BF4B-00C04F79EFBC}") = "Client", "Client\Client.csproj", "{3D45245A-FED9-496E-A9AC-36C36DD95CC3}"
EndProject
Project("{FAE04EC0-301F-11D3-BF4B-00C04F79EFBC}") = "Server", "Server\Server.csproj", "{BCDAC787-86B9-4F47-BDEA-9F6F4B1E85FC}"
EndProject
Project("{2150E333-8FDC-42A3-9474-1A3956D46DE8}") = "Web", "Web", "{449314DB-04C7-4F30-89F5-86470202DC28}"
EndProject
Global
	GlobalSection(SolutionConfigurationPlatforms) = preSolution
		Debug|Any CPU = Debug|Any CPU
		Release|Any CPU = Release|Any CPU
	EndGlobalSection
	GlobalSection(ProjectConfigurationPlatforms) = postSolution
		{1ED592DB-01F2-40AC-8C77-9C7CB7094FA0}.Debug|Any CPU.ActiveCfg = Debug|Any CPU
		{1ED592DB-01F2-40AC-8C77-9C7CB7094FA0}.Debug|Any CPU.Build.0 = Debug|Any CPU
		{1ED592DB-01F2-40AC-8C77-9C7CB7094FA0}.Release|Any CPU.ActiveCfg = Release|Any CPU
		{1ED592DB-01F2-40AC-8C77-9C7CB7094FA0}.Release|Any CPU.Build.0 = Release|Any CPU
		{3D45245A-FED9-496E-A9AC-36C36DD95CC3}.Debug|Any CPU.ActiveCfg = Debug|Any CPU
		{3D45245A-FED9-496E-A9AC-36C36DD95CC3}.Debug|Any CPU.Build.0 = Debug|Any CPU
		{3D45245A-FED9-496E-A9AC-36C36DD95CC3}.Release|Any CPU.ActiveCfg = Release|Any CPU
		{3D45245A-FED9-496E-A9AC-36C36DD95CC3}.Release|Any CPU.Build.0 = Release|Any CPU
		{BCDAC787-86B9-4F47-BDEA-9F6F4B1E85FC}.Debug|Any CPU.ActiveCfg = Debug|Any CPU
		{BCDAC787-86B9-4F47-BDEA-9F6F4B1E85FC}.Debug|Any CPU.Build.0 = Debug|Any CPU
		{BCDAC787-86B9-4F47-BDEA-9F6F4B1E85FC}.Release|Any CPU.ActiveCfg = Release|Any CPU
		{BCDAC787-86B9-4F47-BDEA-9F6F4B1E85FC}.Release|Any CPU.Build.0 = Release|Any CPU
	EndGlobalSection
	GlobalSection(NestedProjects) = preSolution
		{BCDAC787-86B9-4F47-BDEA-9F6F4B1E85FC} = {449314DB-04C7-4F30-89F5-86470202DC28}
		{3D45245A-FED9-496E-A9AC-36C36DD95CC3} = {449314DB-04C7-4F30-89F5-86470202DC28}
	EndGlobalSection
EndGlobal
